
Microsoft Visual Studio Solution File, Format Version 12.00
# Visual Studio 15
Project("{FAE04EC0-301F-11D3-BF4B-00C04F79EFBC}") = "Assembly-CSharp", "Assembly-CSharp.csproj", "{7A529403-CDC1-BBD5-3211-AB37B6977206}"
EndProject
Project("{FAE04EC0-301F-11D3-BF4B-00C04F79EFBC}") = "Assembly-CSharp-Editor", "Assembly-CSharp-Editor.csproj", "{1792B756-8E49-FD7C-A0E6-DB0DAC37E85A}"
EndProject
Global
	GlobalSection(SolutionConfigurationPlatforms) = preSolution
		Debug|Any CPU = Debug|Any CPU
		Release|Any CPU = Release|Any CPU
	EndGlobalSection
	GlobalSection(ProjectConfigurationPlatforms) = postSolution
		{7A529403-CDC1-BBD5-3211-AB37B6977206}.Debug|Any CPU.ActiveCfg = Debug|Any CPU
		{7A529403-CDC1-BBD5-3211-AB37B6977206}.Debug|Any CPU.Build.0 = Debug|Any CPU
		{7A529403-CDC1-BBD5-3211-AB37B6977206}.Release|Any CPU.ActiveCfg = Release|Any CPU
		{7A529403-CDC1-BBD5-3211-AB37B6977206}.Release|Any CPU.Build.0 = Release|Any CPU
		{1792B756-8E49-FD7C-A0E6-DB0DAC37E85A}.Debug|Any CPU.ActiveCfg = Debug|Any CPU
		{1792B756-8E49-FD7C-A0E6-DB0DAC37E85A}.Debug|Any CPU.Build.0 = Debug|Any CPU
		{1792B756-8E49-FD7C-A0E6-DB0DAC37E85A}.Release|Any CPU.ActiveCfg = Release|Any CPU
		{1792B756-8E49-FD7C-A0E6-DB0DAC37E85A}.Release|Any CPU.Build.0 = Release|Any CPU
	EndGlobalSection
	GlobalSection(SolutionProperties) = preSolution
		HideSolutionNode = FALSE
	EndGlobalSection
EndGlobal
